
Microsoft Visual Studio Solution File, Format Version 12.00
# Visual Studio Version 17
VisualStudioVersion = 17.4.33205.214
MinimumVisualStudioVersion = 10.0.40219.1
Project("{9A19103F-16F7-4668-BE54-9A1E7A4F7556}") = "Seidlr", "Seidlr\Seidlr.csproj", "{3177F796-3F15-41D3-B177-C9C946C2156F}"
EndProject
Project("{9A19103F-16F7-4668-BE54-9A1E7A4F7556}") = "Broker", "Broker\Broker.csproj", "{C3AE1006-AF67-461F-92A1-958164AD03C4}"
EndProject
Project("{2150E333-8FDC-42A3-9474-1A3956D46DE8}") = "DemoApps", "DemoApps", "{DE6A1888-4DFF-4FA4-A1FC-12D43DB175EA}"
EndProject
Project("{9A19103F-16F7-4668-BE54-9A1E7A4F7556}") = "Consumer", "DemoApps\Consumer\Consumer.csproj", "{DA3C4A9B-BFFE-4FCA-B270-ECAD116E9852}"
EndProject
Project("{9A19103F-16F7-4668-BE54-9A1E7A4F7556}") = "Producer", "DemoApps\Producer\Producer.csproj", "{281EA3C9-9D48-4757-B0D0-5CC8C96659CE}"
EndProject
Project("{9A19103F-16F7-4668-BE54-9A1E7A4F7556}") = "Repository", "Repository\Repository.csproj", "{BB28CCEE-DE4A-4133-A82D-EB271A7E181E}"
EndProject
Project("{9A19103F-16F7-4668-BE54-9A1E7A4F7556}") = "LanguageService", "LanguageService\LanguageService.csproj", "{18C9DBD7-333A-4898-AF1E-8214D039A7EC}"
EndProject
Project("{9A19103F-16F7-4668-BE54-9A1E7A4F7556}") = "Orchestrator", "Orchestrator\Orchestrator.csproj", "{070215FF-0AEF-4A98-BC98-1734A010CB1B}"
EndProject
Project("{9A19103F-16F7-4668-BE54-9A1E7A4F7556}") = "Prosumer", "DemoApps\Prosumer\Prosumer.csproj", "{41DCA20D-71CE-4F58-AD8A-CA5245884032}"
EndProject
Project("{9A19103F-16F7-4668-BE54-9A1E7A4F7556}") = "Common", "DemoApps\Common\Common.csproj", "{5FFCD015-A156-490A-8008-118ED4114FF5}"
EndProject
Project("{9A19103F-16F7-4668-BE54-9A1E7A4F7556}") = "Queue", "DemoApps\Queue\Queue.csproj", "{80FE412E-47B8-4D71-9D78-4A6C3BB3D5EB}"
EndProject
Project("{9A19103F-16F7-4668-BE54-9A1E7A4F7556}") = "Filter", "DemoApps\Filter\Filter.csproj", "{A6FFDEA9-9781-446E-BB1E-ACE7F690E7B5}"
EndProject
Project("{9A19103F-16F7-4668-BE54-9A1E7A4F7556}") = "Monitor", "DemoApps\Monitor\Monitor.csproj", "{BB01467E-03F8-40EF-85D0-3F21EEB2B2A9}"
EndProject
Project("{2150E333-8FDC-42A3-9474-1A3956D46DE8}") = "UtilityNodes", "UtilityNodes", "{75B9DEC9-9B2A-477E-BDD1-D225FC95FAF0}"
EndProject
Global
	GlobalSection(SolutionConfigurationPlatforms) = preSolution
		Debug|Any CPU = Debug|Any CPU
		Release|Any CPU = Release|Any CPU
	EndGlobalSection
	GlobalSection(ProjectConfigurationPlatforms) = postSolution
		{3177F796-3F15-41D3-B177-C9C946C2156F}.Debug|Any CPU.ActiveCfg = Debug|Any CPU
		{3177F796-3F15-41D3-B177-C9C946C2156F}.Debug|Any CPU.Build.0 = Debug|Any CPU
		{3177F796-3F15-41D3-B177-C9C946C2156F}.Release|Any CPU.ActiveCfg = Release|Any CPU
		{3177F796-3F15-41D3-B177-C9C946C2156F}.Release|Any CPU.Build.0 = Release|Any CPU
		{C3AE1006-AF67-461F-92A1-958164AD03C4}.Debug|Any CPU.ActiveCfg = Debug|Any CPU
		{C3AE1006-AF67-461F-92A1-958164AD03C4}.Debug|Any CPU.Build.0 = Debug|Any CPU
		{C3AE1006-AF67-461F-92A1-958164AD03C4}.Release|Any CPU.ActiveCfg = Release|Any CPU
		{C3AE1006-AF67-461F-92A1-958164AD03C4}.Release|Any CPU.Build.0 = Release|Any CPU
		{DA3C4A9B-BFFE-4FCA-B270-ECAD116E9852}.Debug|Any CPU.ActiveCfg = Debug|Any CPU
		{DA3C4A9B-BFFE-4FCA-B270-ECAD116E9852}.Debug|Any CPU.Build.0 = Debug|Any CPU
		{DA3C4A9B-BFFE-4FCA-B270-ECAD116E9852}.Release|Any CPU.ActiveCfg = Release|Any CPU
		{DA3C4A9B-BFFE-4FCA-B270-ECAD116E9852}.Release|Any CPU.Build.0 = Release|Any CPU
		{281EA3C9-9D48-4757-B0D0-5CC8C96659CE}.Debug|Any CPU.ActiveCfg = Debug|Any CPU
		{281EA3C9-9D48-4757-B0D0-5CC8C96659CE}.Debug|Any CPU.Build.0 = Debug|Any CPU
		{281EA3C9-9D48-4757-B0D0-5CC8C96659CE}.Release|Any CPU.ActiveCfg = Release|Any CPU
		{281EA3C9-9D48-4757-B0D0-5CC8C96659CE}.Release|Any CPU.Build.0 = Release|Any CPU
		{BB28CCEE-DE4A-4133-A82D-EB271A7E181E}.Debug|Any CPU.ActiveCfg = Debug|Any CPU
		{BB28CCEE-DE4A-4133-A82D-EB271A7E181E}.Debug|Any CPU.Build.0 = Debug|Any CPU
		{BB28CCEE-DE4A-4133-A82D-EB271A7E181E}.Release|Any CPU.ActiveCfg = Release|Any CPU
		{BB28CCEE-DE4A-4133-A82D-EB271A7E181E}.Release|Any CPU.Build.0 = Release|Any CPU
		{18C9DBD7-333A-4898-AF1E-8214D039A7EC}.Debug|Any CPU.ActiveCfg = Debug|Any CPU
		{18C9DBD7-333A-4898-AF1E-8214D039A7EC}.Debug|Any CPU.Build.0 = Debug|Any CPU
		{18C9DBD7-333A-4898-AF1E-8214D039A7EC}.Release|Any CPU.ActiveCfg = Release|Any CPU
		{18C9DBD7-333A-4898-AF1E-8214D039A7EC}.Release|Any CPU.Build.0 = Release|Any CPU
		{070215FF-0AEF-4A98-BC98-1734A010CB1B}.Debug|Any CPU.ActiveCfg = Debug|Any CPU
		{070215FF-0AEF-4A98-BC98-1734A010CB1B}.Debug|Any CPU.Build.0 = Debug|Any CPU
		{070215FF-0AEF-4A98-BC98-1734A010CB1B}.Release|Any CPU.ActiveCfg = Release|Any CPU
		{070215FF-0AEF-4A98-BC98-1734A010CB1B}.Release|Any CPU.Build.0 = Release|Any CPU
		{41DCA20D-71CE-4F58-AD8A-CA5245884032}.Debug|Any CPU.ActiveCfg = Debug|Any CPU
		{41DCA20D-71CE-4F58-AD8A-CA5245884032}.Debug|Any CPU.Build.0 = Debug|Any CPU
		{41DCA20D-71CE-4F58-AD8A-CA5245884032}.Release|Any CPU.ActiveCfg = Release|Any CPU
		{41DCA20D-71CE-4F58-AD8A-CA5245884032}.Release|Any CPU.Build.0 = Release|Any CPU
		{5FFCD015-A156-490A-8008-118ED4114FF5}.Debug|Any CPU.ActiveCfg = Debug|Any CPU
		{5FFCD015-A156-490A-8008-118ED4114FF5}.Debug|Any CPU.Build.0 = Debug|Any CPU
		{5FFCD015-A156-490A-8008-118ED4114FF5}.Release|Any CPU.ActiveCfg = Release|Any CPU
		{5FFCD015-A156-490A-8008-118ED4114FF5}.Release|Any CPU.Build.0 = Release|Any CPU
		{80FE412E-47B8-4D71-9D78-4A6C3BB3D5EB}.Debug|Any CPU.ActiveCfg = Debug|Any CPU
		{80FE412E-47B8-4D71-9D78-4A6C3BB3D5EB}.Debug|Any CPU.Build.0 = Debug|Any CPU
		{80FE412E-47B8-4D71-9D78-4A6C3BB3D5EB}.Release|Any CPU.ActiveCfg = Release|Any CPU
		{80FE412E-47B8-4D71-9D78-4A6C3BB3D5EB}.Release|Any CPU.Build.0 = Release|Any CPU
		{A6FFDEA9-9781-446E-BB1E-ACE7F690E7B5}.Debug|Any CPU.ActiveCfg = Debug|Any CPU
		{A6FFDEA9-9781-446E-BB1E-ACE7F690E7B5}.Debug|Any CPU.Build.0 = Debug|Any CPU
		{A6FFDEA9-9781-446E-BB1E-ACE7F690E7B5}.Release|Any CPU.ActiveCfg = Release|Any CPU
		{A6FFDEA9-9781-446E-BB1E-ACE7F690E7B5}.Release|Any CPU.Build.0 = Release|Any CPU
		{BB01467E-03F8-40EF-85D0-3F21EEB2B2A9}.Debug|Any CPU.ActiveCfg = Debug|Any CPU
		{BB01467E-03F8-40EF-85D0-3F21EEB2B2A9}.Debug|Any CPU.Build.0 = Debug|Any CPU
		{BB01467E-03F8-40EF-85D0-3F21EEB2B2A9}.Release|Any CPU.ActiveCfg = Release|Any CPU
		{BB01467E-03F8-40EF-85D0-3F21EEB2B2A9}.Release|Any CPU.Build.0 = Release|Any CPU
	EndGlobalSection
	GlobalSection(SolutionProperties) = preSolution
		HideSolutionNode = FALSE
	EndGlobalSection
	GlobalSection(NestedProjects) = preSolution
		{DA3C4A9B-BFFE-4FCA-B270-ECAD116E9852} = {DE6A1888-4DFF-4FA4-A1FC-12D43DB175EA}
		{281EA3C9-9D48-4757-B0D0-5CC8C96659CE} = {DE6A1888-4DFF-4FA4-A1FC-12D43DB175EA}
		{41DCA20D-71CE-4F58-AD8A-CA5245884032} = {DE6A1888-4DFF-4FA4-A1FC-12D43DB175EA}
		{5FFCD015-A156-490A-8008-118ED4114FF5} = {DE6A1888-4DFF-4FA4-A1FC-12D43DB175EA}
		{80FE412E-47B8-4D71-9D78-4A6C3BB3D5EB} = {75B9DEC9-9B2A-477E-BDD1-D225FC95FAF0}
		{A6FFDEA9-9781-446E-BB1E-ACE7F690E7B5} = {75B9DEC9-9B2A-477E-BDD1-D225FC95FAF0}
		{BB01467E-03F8-40EF-85D0-3F21EEB2B2A9} = {75B9DEC9-9B2A-477E-BDD1-D225FC95FAF0}
	EndGlobalSection
	GlobalSection(ExtensibilityGlobals) = postSolution
		SolutionGuid = {3D9722C0-34CD-41E1-8830-C75FC3ECF266}
	EndGlobalSection
EndGlobal
